
Microsoft Visual Studio Solution File, Format Version 12.00
# Visual Studio Version 17
VisualStudioVersion = 17.7.34031.279
MinimumVisualStudioVersion = 10.0.40219.1
Project("{FAE04EC0-301F-11D3-BF4B-00C04F79EFBC}") = "DemoWeb", "DemoWeb\DemoWeb.csproj", "{29455CE8-BB7C-4A0E-B128-1FCE598E068E}"
EndProject
Global
	GlobalSection(SolutionConfigurationPlatforms) = preSolution
		Debug|Any CPU = Debug|Any CPU
		Release|Any CPU = Release|Any CPU
	EndGlobalSection
	GlobalSection(ProjectConfigurationPlatforms) = postSolution
		{29455CE8-BB7C-4A0E-B128-1FCE598E068E}.Debug|Any CPU.ActiveCfg = Debug|Any CPU
		{29455CE8-BB7C-4A0E-B128-1FCE598E068E}.Debug|Any CPU.Build.0 = Debug|Any CPU
		{29455CE8-BB7C-4A0E-B128-1FCE598E068E}.Release|Any CPU.ActiveCfg = Release|Any CPU
		{29455CE8-BB7C-4A0E-B128-1FCE598E068E}.Release|Any CPU.Build.0 = Release|Any CPU
	EndGlobalSection
	GlobalSection(SolutionProperties) = preSolution
		HideSolutionNode = FALSE
	EndGlobalSection
	GlobalSection(ExtensibilityGlobals) = postSolution
		SolutionGuid = {60AAC659-AD46-4BE3-AF41-2CC7F36DEC5B}
	EndGlobalSection
EndGlobal
